// !$*UTF8*$!
{
	archiveVersion = 1;
	classes = {
	};
	objectVersion = 50;
	objects = {

/* Begin PBXBuildFile section */
		AD6EF5E0261A5CA9005C9190 /* DetailAnimalView.swift in Sources */ = {isa = PBXBuildFile; fileRef = AD6EF5DF261A5CA9005C9190 /* DetailAnimalView.swift */; };
		AD86305C261A40270006EBAE /* AfricaApp.swift in Sources */ = {isa = PBXBuildFile; fileRef = AD86305B261A40270006EBAE /* AfricaApp.swift */; };
		AD86305E261A40270006EBAE /* BrowseView.swift in Sources */ = {isa = PBXBuildFile; fileRef = AD86305D261A40270006EBAE /* BrowseView.swift */; };
		AD863060261A402C0006EBAE /* Assets.xcassets in Resources */ = {isa = PBXBuildFile; fileRef = AD86305F261A402C0006EBAE /* Assets.xcassets */; };
		AD863063261A402C0006EBAE /* Preview Assets.xcassets in Resources */ = {isa = PBXBuildFile; fileRef = AD863062261A402C0006EBAE /* Preview Assets.xcassets */; };
		AD863082261A42D20006EBAE /* lion.mp4 in Resources */ = {isa = PBXBuildFile; fileRef = AD863078261A42D20006EBAE /* lion.mp4 */; };
		AD863083261A42D20006EBAE /* hippo.mp4 in Resources */ = {isa = PBXBuildFile; fileRef = AD863079261A42D20006EBAE /* hippo.mp4 */; };
		AD863084261A42D20006EBAE /* gorilla.mp4 in Resources */ = {isa = PBXBuildFile; fileRef = AD86307A261A42D20006EBAE /* gorilla.mp4 */; };
		AD863085261A42D20006EBAE /* giraffe.mp4 in Resources */ = {isa = PBXBuildFile; fileRef = AD86307B261A42D20006EBAE /* giraffe.mp4 */; };
		AD863086261A42D20006EBAE /* ostrich.mp4 in Resources */ = {isa = PBXBuildFile; fileRef = AD86307C261A42D20006EBAE /* ostrich.mp4 */; };
		AD863087261A42D20006EBAE /* cheetah.mp4 in Resources */ = {isa = PBXBuildFile; fileRef = AD86307D261A42D20006EBAE /* cheetah.mp4 */; };
		AD863088261A42D20006EBAE /* rhino.mp4 in Resources */ = {isa = PBXBuildFile; fileRef = AD86307E261A42D20006EBAE /* rhino.mp4 */; };
		AD863089261A42D20006EBAE /* zebra.mp4 in Resources */ = {isa = PBXBuildFile; fileRef = AD86307F261A42D20006EBAE /* zebra.mp4 */; };
		AD86308A261A42D20006EBAE /* lioness.mp4 in Resources */ = {isa = PBXBuildFile; fileRef = AD863080261A42D20006EBAE /* lioness.mp4 */; };
		AD86308B261A42D20006EBAE /* elephant.mp4 in Resources */ = {isa = PBXBuildFile; fileRef = AD863081261A42D20006EBAE /* elephant.mp4 */; };
		AD863092261A434B0006EBAE /* animals.json in Resources */ = {isa = PBXBuildFile; fileRef = AD86308E261A434B0006EBAE /* animals.json */; };
		AD863093261A434B0006EBAE /* locations.json in Resources */ = {isa = PBXBuildFile; fileRef = AD86308F261A434B0006EBAE /* locations.json */; };
		AD863094261A434B0006EBAE /* covers.json in Resources */ = {isa = PBXBuildFile; fileRef = AD863090261A434B0006EBAE /* covers.json */; };
		AD863095261A434B0006EBAE /* videos.json in Resources */ = {isa = PBXBuildFile; fileRef = AD863091261A434B0006EBAE /* videos.json */; };
		AD86309C261A46540006EBAE /* MainTabView.swift in Sources */ = {isa = PBXBuildFile; fileRef = AD86309B261A46540006EBAE /* MainTabView.swift */; };
		AD8630A1261A46850006EBAE /* VideoListView.swift in Sources */ = {isa = PBXBuildFile; fileRef = AD8630A0261A46850006EBAE /* VideoListView.swift */; };
		AD8630A5261A469C0006EBAE /* MapView.swift in Sources */ = {isa = PBXBuildFile; fileRef = AD8630A4261A469C0006EBAE /* MapView.swift */; };
		AD8630A9261A46B00006EBAE /* GalleryView.swift in Sources */ = {isa = PBXBuildFile; fileRef = AD8630A8261A46B00006EBAE /* GalleryView.swift */; };
		ADB71B87261A57E100D65003 /* Animal.swift in Sources */ = {isa = PBXBuildFile; fileRef = ADB71B86261A57E100D65003 /* Animal.swift */; };
		ADDA3CB8261A49F60069B1D7 /* CoverImageView.swift in Sources */ = {isa = PBXBuildFile; fileRef = ADDA3CB7261A49F60069B1D7 /* CoverImageView.swift */; };
		ADDA3CBE261A4AFD0069B1D7 /* CoverImage.swift in Sources */ = {isa = PBXBuildFile; fileRef = ADDA3CBD261A4AFD0069B1D7 /* CoverImage.swift */; };
		ADDA3CC2261A4C3F0069B1D7 /* Bundle.swift in Sources */ = {isa = PBXBuildFile; fileRef = ADDA3CC1261A4C3F0069B1D7 /* Bundle.swift */; };
		ADDA3CC6261A54890069B1D7 /* AnimalListView.swift in Sources */ = {isa = PBXBuildFile; fileRef = ADDA3CC5261A54890069B1D7 /* AnimalListView.swift */; };
/* End PBXBuildFile section */

/* Begin PBXFileReference section */
		AD6EF5DF261A5CA9005C9190 /* DetailAnimalView.swift */ = {isa = PBXFileReference; lastKnownFileType = sourcecode.swift; path = DetailAnimalView.swift; sourceTree = "<group>"; };
		AD863058261A40270006EBAE /* Africa.app */ = {isa = PBXFileReference; explicitFileType = wrapper.application; includeInIndex = 0; path = Africa.app; sourceTree = BUILT_PRODUCTS_DIR; };
		AD86305B261A40270006EBAE /* AfricaApp.swift */ = {isa = PBXFileReference; lastKnownFileType = sourcecode.swift; path = AfricaApp.swift; sourceTree = "<group>"; };
		AD86305D261A40270006EBAE /* BrowseView.swift */ = {isa = PBXFileReference; lastKnownFileType = sourcecode.swift; path = BrowseView.swift; sourceTree = "<group>"; };
		AD86305F261A402C0006EBAE /* Assets.xcassets */ = {isa = PBXFileReference; lastKnownFileType = folder.assetcatalog; path = Assets.xcassets; sourceTree = "<group>"; };
		AD863062261A402C0006EBAE /* Preview Assets.xcassets */ = {isa = PBXFileReference; lastKnownFileType = folder.assetcatalog; path = "Preview Assets.xcassets"; sourceTree = "<group>"; };
		AD863064261A402C0006EBAE /* Info.plist */ = {isa = PBXFileReference; lastKnownFileType = text.plist.xml; path = Info.plist; sourceTree = "<group>"; };
		AD863078261A42D20006EBAE /* lion.mp4 */ = {isa = PBXFileReference; lastKnownFileType = file; name = lion.mp4; path = ../../../../../../.Trash/lion.mp4; sourceTree = "<group>"; };
		AD863079261A42D20006EBAE /* hippo.mp4 */ = {isa = PBXFileReference; lastKnownFileType = file; name = hippo.mp4; path = ../../../../../../.Trash/hippo.mp4; sourceTree = "<group>"; };
		AD86307A261A42D20006EBAE /* gorilla.mp4 */ = {isa = PBXFileReference; lastKnownFileType = file; name = gorilla.mp4; path = ../../../../../../.Trash/gorilla.mp4; sourceTree = "<group>"; };
		AD86307B261A42D20006EBAE /* giraffe.mp4 */ = {isa = PBXFileReference; lastKnownFileType = file; name = giraffe.mp4; path = ../../../../../../.Trash/giraffe.mp4; sourceTree = "<group>"; };
		AD86307C261A42D20006EBAE /* ostrich.mp4 */ = {isa = PBXFileReference; lastKnownFileType = file; name = ostrich.mp4; path = ../../../../../../.Trash/ostrich.mp4; sourceTree = "<group>"; };
		AD86307D261A42D20006EBAE /* cheetah.mp4 */ = {isa = PBXFileReference; lastKnownFileType = file; name = cheetah.mp4; path = ../../../../../../.Trash/cheetah.mp4; sourceTree = "<group>"; };
		AD86307E261A42D20006EBAE /* rhino.mp4 */ = {isa = PBXFileReference; lastKnownFileType = file; name = rhino.mp4; path = ../../../../../../.Trash/rhino.mp4; sourceTree = "<group>"; };
		AD86307F261A42D20006EBAE /* zebra.mp4 */ = {isa = PBXFileReference; lastKnownFileType = file; name = zebra.mp4; path = ../../../../../../.Trash/zebra.mp4; sourceTree = "<group>"; };
		AD863080261A42D20006EBAE /* lioness.mp4 */ = {isa = PBXFileReference; lastKnownFileType = file; name = lioness.mp4; path = ../../../../../../.Trash/lioness.mp4; sourceTree = "<group>"; };
		AD863081261A42D20006EBAE /* elephant.mp4 */ = {isa = PBXFileReference; lastKnownFileType = file; name = elephant.mp4; path = ../../../../../../.Trash/elephant.mp4; sourceTree = "<group>"; };
		AD86308E261A434B0006EBAE /* animals.json */ = {isa = PBXFileReference; fileEncoding = 4; lastKnownFileType = text.json; path = animals.json; sourceTree = "<group>"; };
		AD86308F261A434B0006EBAE /* locations.json */ = {isa = PBXFileReference; fileEncoding = 4; lastKnownFileType = text.json; path = locations.json; sourceTree = "<group>"; };
		AD863090261A434B0006EBAE /* covers.json */ = {isa = PBXFileReference; fileEncoding = 4; lastKnownFileType = text.json; path = covers.json; sourceTree = "<group>"; };
		AD863091261A434B0006EBAE /* videos.json */ = {isa = PBXFileReference; fileEncoding = 4; lastKnownFileType = text.json; path = videos.json; sourceTree = "<group>"; };
		AD86309B261A46540006EBAE /* MainTabView.swift */ = {isa = PBXFileReference; lastKnownFileType = sourcecode.swift; path = MainTabView.swift; sourceTree = "<group>"; };
		AD8630A0261A46850006EBAE /* VideoListView.swift */ = {isa = PBXFileReference; lastKnownFileType = sourcecode.swift; path = VideoListView.swift; sourceTree = "<group>"; };
		AD8630A4261A469C0006EBAE /* MapView.swift */ = {isa = PBXFileReference; lastKnownFileType = sourcecode.swift; path = MapView.swift; sourceTree = "<group>"; };
		AD8630A8261A46B00006EBAE /* GalleryView.swift */ = {isa = PBXFileReference; lastKnownFileType = sourcecode.swift; path = GalleryView.swift; sourceTree = "<group>"; };
		ADB71B86261A57E100D65003 /* Animal.swift */ = {isa = PBXFileReference; lastKnownFileType = sourcecode.swift; path = Animal.swift; sourceTree = "<group>"; };
		ADDA3CB7261A49F60069B1D7 /* CoverImageView.swift */ = {isa = PBXFileReference; lastKnownFileType = sourcecode.swift; path = CoverImageView.swift; sourceTree = "<group>"; };
		ADDA3CBD261A4AFD0069B1D7 /* CoverImage.swift */ = {isa = PBXFileReference; lastKnownFileType = sourcecode.swift; path = CoverImage.swift; sourceTree = "<group>"; };
		ADDA3CC1261A4C3F0069B1D7 /* Bundle.swift */ = {isa = PBXFileReference; lastKnownFileType = sourcecode.swift; path = Bundle.swift; sourceTree = "<group>"; };
		ADDA3CC5261A54890069B1D7 /* AnimalListView.swift */ = {isa = PBXFileReference; lastKnownFileType = sourcecode.swift; path = AnimalListView.swift; sourceTree = "<group>"; };
/* End PBXFileReference section */

/* Begin PBXFrameworksBuildPhase section */
		AD863055261A40270006EBAE /* Frameworks */ = {
			isa = PBXFrameworksBuildPhase;
			buildActionMask = 2147483647;
			files = (
			);
			runOnlyForDeploymentPostprocessing = 0;
		};
/* End PBXFrameworksBuildPhase section */

/* Begin PBXGroup section */
		AD2DCFD9261A495400896EA3 /* Browse */ = {
			isa = PBXGroup;
			children = (
				AD86305D261A40270006EBAE /* BrowseView.swift */,
			);
			path = Browse;
			sourceTree = "<group>";
		};
		AD6EF5DE261A5C61005C9190 /* DetailAnimal */ = {
			isa = PBXGroup;
			children = (
				AD6EF5DF261A5CA9005C9190 /* DetailAnimalView.swift */,
			);
			path = DetailAnimal;
			sourceTree = "<group>";
		};
		AD86304F261A40270006EBAE = {
			isa = PBXGroup;
			children = (
				AD86305A261A40270006EBAE /* Africa */,
				AD863059261A40270006EBAE /* Products */,
			);
			sourceTree = "<group>";
		};
		AD863059261A40270006EBAE /* Products */ = {
			isa = PBXGroup;
			children = (
				AD863058261A40270006EBAE /* Africa.app */,
			);
			name = Products;
			sourceTree = "<group>";
		};
		AD86305A261A40270006EBAE /* Africa */ = {
			isa = PBXGroup;
			children = (
				ADDA3CC0261A4BF20069B1D7 /* Extension */,
				ADDA3CBC261A4AF00069B1D7 /* Model */,
				ADDA3CBB261A4AD00069B1D7 /* ViewModel */,
				AD86306C261A42680006EBAE /* View */,
				ADDA3CB6261A49C30069B1D7 /* Utilities */,
				AD86306B261A42650006EBAE /* App */,
				AD86308D261A43340006EBAE /* Data */,
				AD86306D261A42800006EBAE /* Video */,
				AD86305F261A402C0006EBAE /* Assets.xcassets */,
				AD863064261A402C0006EBAE /* Info.plist */,
				AD863061261A402C0006EBAE /* Preview Content */,
			);
			path = Africa;
			sourceTree = "<group>";
		};
		AD863061261A402C0006EBAE /* Preview Content */ = {
			isa = PBXGroup;
			children = (
				AD863062261A402C0006EBAE /* Preview Assets.xcassets */,
			);
			path = "Preview Content";
			sourceTree = "<group>";
		};
		AD86306B261A42650006EBAE /* App */ = {
			isa = PBXGroup;
			children = (
				AD86305B261A40270006EBAE /* AfricaApp.swift */,
			);
			path = App;
			sourceTree = "<group>";
		};
		AD86306C261A42680006EBAE /* View */ = {
			isa = PBXGroup;
			children = (
				AD6EF5DE261A5C61005C9190 /* DetailAnimal */,
				AD2DCFD9261A495400896EA3 /* Browse */,
				AD86309E261A465C0006EBAE /* VideoList */,
				AD86309F261A46700006EBAE /* Map */,
				AD8630A7261A46A30006EBAE /* Gallery */,
				AD863099261A46230006EBAE /* Main */,
				ADDA3CC4261A54730069B1D7 /* Items */,
			);
			path = View;
			sourceTree = "<group>";
		};
		AD86306D261A42800006EBAE /* Video */ = {
			isa = PBXGroup;
			children = (
				AD86307D261A42D20006EBAE /* cheetah.mp4 */,
				AD863081261A42D20006EBAE /* elephant.mp4 */,
				AD86307B261A42D20006EBAE /* giraffe.mp4 */,
				AD86307A261A42D20006EBAE /* gorilla.mp4 */,
				AD863079261A42D20006EBAE /* hippo.mp4 */,
				AD863078261A42D20006EBAE /* lion.mp4 */,
				AD863080261A42D20006EBAE /* lioness.mp4 */,
				AD86307C261A42D20006EBAE /* ostrich.mp4 */,
				AD86307E261A42D20006EBAE /* rhino.mp4 */,
				AD86307F261A42D20006EBAE /* zebra.mp4 */,
			);
			path = Video;
			sourceTree = "<group>";
		};
		AD86308D261A43340006EBAE /* Data */ = {
			isa = PBXGroup;
			children = (
				AD86308E261A434B0006EBAE /* animals.json */,
				AD863090261A434B0006EBAE /* covers.json */,
				AD86308F261A434B0006EBAE /* locations.json */,
				AD863091261A434B0006EBAE /* videos.json */,
			);
			path = Data;
			sourceTree = "<group>";
		};
		AD863099261A46230006EBAE /* Main */ = {
			isa = PBXGroup;
			children = (
				AD86309B261A46540006EBAE /* MainTabView.swift */,
			);
			path = Main;
			sourceTree = "<group>";
		};
		AD86309E261A465C0006EBAE /* VideoList */ = {
			isa = PBXGroup;
			children = (
				AD8630A0261A46850006EBAE /* VideoListView.swift */,
			);
			path = VideoList;
			sourceTree = "<group>";
		};
		AD86309F261A46700006EBAE /* Map */ = {
			isa = PBXGroup;
			children = (
				AD8630A4261A469C0006EBAE /* MapView.swift */,
			);
			path = Map;
			sourceTree = "<group>";
		};
		AD8630A7261A46A30006EBAE /* Gallery */ = {
			isa = PBXGroup;
			children = (
				AD8630A8261A46B00006EBAE /* GalleryView.swift */,
			);
			path = Gallery;
			sourceTree = "<group>";
		};
		ADDA3CB6261A49C30069B1D7 /* Utilities */ = {
			isa = PBXGroup;
			children = (
			);
			path = Utilities;
			sourceTree = "<group>";
		};
		ADDA3CBB261A4AD00069B1D7 /* ViewModel */ = {
			isa = PBXGroup;
			children = (
			);
			path = ViewModel;
			sourceTree = "<group>";
		};
		ADDA3CBC261A4AF00069B1D7 /* Model */ = {
			isa = PBXGroup;
			children = (
				ADDA3CBD261A4AFD0069B1D7 /* CoverImage.swift */,
				ADB71B86261A57E100D65003 /* Animal.swift */,
			);
			path = Model;
			sourceTree = "<group>";
		};
		ADDA3CC0261A4BF20069B1D7 /* Extension */ = {
			isa = PBXGroup;
			children = (
				ADDA3CC1261A4C3F0069B1D7 /* Bundle.swift */,
			);
			path = Extension;
			sourceTree = "<group>";
		};
		ADDA3CC4261A54730069B1D7 /* Items */ = {
			isa = PBXGroup;
			children = (
				ADDA3CB7261A49F60069B1D7 /* CoverImageView.swift */,
				ADDA3CC5261A54890069B1D7 /* AnimalListView.swift */,
			);
			path = Items;
			sourceTree = "<group>";
		};
/* End PBXGroup section */

/* Begin PBXNativeTarget section */
		AD863057261A40270006EBAE /* Africa */ = {
			isa = PBXNativeTarget;
			buildConfigurationList = AD863067261A402C0006EBAE /* Build configuration list for PBXNativeTarget "Africa" */;
			buildPhases = (
				AD863054261A40270006EBAE /* Sources */,
				AD863055261A40270006EBAE /* Frameworks */,
				AD863056261A40270006EBAE /* Resources */,
			);
			buildRules = (
			);
			dependencies = (
			);
			name = Africa;
			productName = Africa;
			productReference = AD863058261A40270006EBAE /* Africa.app */;
			productType = "com.apple.product-type.application";
		};
/* End PBXNativeTarget section */

/* Begin PBXProject section */
		AD863050261A40270006EBAE /* Project object */ = {
			isa = PBXProject;
			attributes = {
				LastSwiftUpdateCheck = 1240;
				LastUpgradeCheck = 1240;
				TargetAttributes = {
					AD863057261A40270006EBAE = {
						CreatedOnToolsVersion = 12.4;
					};
				};
			};
			buildConfigurationList = AD863053261A40270006EBAE /* Build configuration list for PBXProject "Africa" */;
			compatibilityVersion = "Xcode 9.3";
			developmentRegion = en;
			hasScannedForEncodings = 0;
			knownRegions = (
				en,
				Base,
			);
			mainGroup = AD86304F261A40270006EBAE;
			productRefGroup = AD863059261A40270006EBAE /* Products */;
			projectDirPath = "";
			projectRoot = "";
			targets = (
				AD863057261A40270006EBAE /* Africa */,
			);
		};
/* End PBXProject section */

/* Begin PBXResourcesBuildPhase section */
		AD863056261A40270006EBAE /* Resources */ = {
			isa = PBXResourcesBuildPhase;
			buildActionMask = 2147483647;
			files = (
				AD863093261A434B0006EBAE /* locations.json in Resources */,
				AD863083261A42D20006EBAE /* hippo.mp4 in Resources */,
				AD86308A261A42D20006EBAE /* lioness.mp4 in Resources */,
				AD863086261A42D20006EBAE /* ostrich.mp4 in Resources */,
				AD863063261A402C0006EBAE /* Preview Assets.xcassets in Resources */,
				AD863088261A42D20006EBAE /* rhino.mp4 in Resources */,
				AD863085261A42D20006EBAE /* giraffe.mp4 in Resources */,
				AD863087261A42D20006EBAE /* cheetah.mp4 in Resources */,
				AD863092261A434B0006EBAE /* animals.json in Resources */,
				AD863089261A42D20006EBAE /* zebra.mp4 in Resources */,
				AD863094261A434B0006EBAE /* covers.json in Resources */,
				AD86308B261A42D20006EBAE /* elephant.mp4 in Resources */,
				AD863084261A42D20006EBAE /* gorilla.mp4 in Resources */,
				AD863095261A434B0006EBAE /* videos.json in Resources */,
				AD863082261A42D20006EBAE /* lion.mp4 in Resources */,
				AD863060261A402C0006EBAE /* Assets.xcassets in Resources */,
			);
			runOnlyForDeploymentPostprocessing = 0;
		};
/* End PBXResourcesBuildPhase section */

/* Begin PBXSourcesBuildPhase section */
		AD863054261A40270006EBAE /* Sources */ = {
			isa = PBXSourcesBuildPhase;
			buildActionMask = 2147483647;
			files = (
				ADB71B87261A57E100D65003 /* Animal.swift in Sources */,
				AD8630A1261A46850006EBAE /* VideoListView.swift in Sources */,
				ADDA3CC2261A4C3F0069B1D7 /* Bundle.swift in Sources */,
				ADDA3CC6261A54890069B1D7 /* AnimalListView.swift in Sources */,
				AD8630A9261A46B00006EBAE /* GalleryView.swift in Sources */,
				AD6EF5E0261A5CA9005C9190 /* DetailAnimalView.swift in Sources */,
				ADDA3CB8261A49F60069B1D7 /* CoverImageView.swift in Sources */,
				AD86305E261A40270006EBAE /* BrowseView.swift in Sources */,
				AD8630A5261A469C0006EBAE /* MapView.swift in Sources */,
				ADDA3CBE261A4AFD0069B1D7 /* CoverImage.swift in Sources */,
				AD86305C261A40270006EBAE /* AfricaApp.swift in Sources */,
				AD86309C261A46540006EBAE /* MainTabView.swift in Sources */,
			);
			runOnlyForDeploymentPostprocessing = 0;
		};
/* End PBXSourcesBuildPhase section */

/* Begin XCBuildConfiguration section */
		AD863065261A402C0006EBAE /* Debug */ = {
			isa = XCBuildConfiguration;
			buildSettings = {
				ALWAYS_SEARCH_USER_PATHS = NO;
				CLANG_ANALYZER_NONNULL = YES;
				CLANG_ANALYZER_NUMBER_OBJECT_CONVERSION = YES_AGGRESSIVE;
				CLANG_CXX_LANGUAGE_STANDARD = "gnu++14";
				CLANG_CXX_LIBRARY = "libc++";
				CLANG_ENABLE_MODULES = YES;
				CLANG_ENABLE_OBJC_ARC = YES;
				CLANG_ENABLE_OBJC_WEAK = YES;
				CLANG_WARN_BLOCK_CAPTURE_AUTORELEASING = YES;
				CLANG_WARN_BOOL_CONVERSION = YES;
				CLANG_WARN_COMMA = YES;
				CLANG_WARN_CONSTANT_CONVERSION = YES;
				CLANG_WARN_DEPRECATED_OBJC_IMPLEMENTATIONS = YES;
				CLANG_WARN_DIRECT_OBJC_ISA_USAGE = YES_ERROR;
				CLANG_WARN_DOCUMENTATION_COMMENTS = YES;
				CLANG_WARN_EMPTY_BODY = YES;
				CLANG_WARN_ENUM_CONVERSION = YES;
				CLANG_WARN_INFINITE_RECURSION = YES;
				CLANG_WARN_INT_CONVERSION = YES;
				CLANG_WARN_NON_LITERAL_NULL_CONVERSION = YES;
				CLANG_WARN_OBJC_IMPLICIT_RETAIN_SELF = YES;
				CLANG_WARN_OBJC_LITERAL_CONVERSION = YES;
				CLANG_WARN_OBJC_ROOT_CLASS = YES_ERROR;
				CLANG_WARN_QUOTED_INCLUDE_IN_FRAMEWORK_HEADER = YES;
				CLANG_WARN_RANGE_LOOP_ANALYSIS = YES;
				CLANG_WARN_STRICT_PROTOTYPES = YES;
				CLANG_WARN_SUSPICIOUS_MOVE = YES;
				CLANG_WARN_UNGUARDED_AVAILABILITY = YES_AGGRESSIVE;
				CLANG_WARN_UNREACHABLE_CODE = YES;
				CLANG_WARN__DUPLICATE_METHOD_MATCH = YES;
				COPY_PHASE_STRIP = NO;
				DEBUG_INFORMATION_FORMAT = dwarf;
				ENABLE_STRICT_OBJC_MSGSEND = YES;
				ENABLE_TESTABILITY = YES;
				GCC_C_LANGUAGE_STANDARD = gnu11;
				GCC_DYNAMIC_NO_PIC = NO;
				GCC_NO_COMMON_BLOCKS = YES;
				GCC_OPTIMIZATION_LEVEL = 0;
				GCC_PREPROCESSOR_DEFINITIONS = (
					"DEBUG=1",
					"$(inherited)",
				);
				GCC_WARN_64_TO_32_BIT_CONVERSION = YES;
				GCC_WARN_ABOUT_RETURN_TYPE = YES_ERROR;
				GCC_WARN_UNDECLARED_SELECTOR = YES;
				GCC_WARN_UNINITIALIZED_AUTOS = YES_AGGRESSIVE;
				GCC_WARN_UNUSED_FUNCTION = YES;
				GCC_WARN_UNUSED_VARIABLE = YES;
				IPHONEOS_DEPLOYMENT_TARGET = 14.4;
				MTL_ENABLE_DEBUG_INFO = INCLUDE_SOURCE;
				MTL_FAST_MATH = YES;
				ONLY_ACTIVE_ARCH = YES;
				SDKROOT = iphoneos;
				SWIFT_ACTIVE_COMPILATION_CONDITIONS = DEBUG;
				SWIFT_OPTIMIZATION_LEVEL = "-Onone";
			};
			name = Debug;
		};
		AD863066261A402C0006EBAE /* Release */ = {
			isa = XCBuildConfiguration;
			buildSettings = {
				ALWAYS_SEARCH_USER_PATHS = NO;
				CLANG_ANALYZER_NONNULL = YES;
				CLANG_ANALYZER_NUMBER_OBJECT_CONVERSION = YES_AGGRESSIVE;
				CLANG_CXX_LANGUAGE_STANDARD = "gnu++14";
				CLANG_CXX_LIBRARY = "libc++";
				CLANG_ENABLE_MODULES = YES;
				CLANG_ENABLE_OBJC_ARC = YES;
				CLANG_ENABLE_OBJC_WEAK = YES;
				CLANG_WARN_BLOCK_CAPTURE_AUTORELEASING = YES;
				CLANG_WARN_BOOL_CONVERSION = YES;
				CLANG_WARN_COMMA = YES;
				CLANG_WARN_CONSTANT_CONVERSION = YES;
				CLANG_WARN_DEPRECATED_OBJC_IMPLEMENTATIONS = YES;
				CLANG_WARN_DIRECT_OBJC_ISA_USAGE = YES_ERROR;
				CLANG_WARN_DOCUMENTATION_COMMENTS = YES;
				CLANG_WARN_EMPTY_BODY = YES;
				CLANG_WARN_ENUM_CONVERSION = YES;
				CLANG_WARN_INFINITE_RECURSION = YES;
				CLANG_WARN_INT_CONVERSION = YES;
				CLANG_WARN_NON_LITERAL_NULL_CONVERSION = YES;
				CLANG_WARN_OBJC_IMPLICIT_RETAIN_SELF = YES;
				CLANG_WARN_OBJC_LITERAL_CONVERSION = YES;
				CLANG_WARN_OBJC_ROOT_CLASS = YES_ERROR;
				CLANG_WARN_QUOTED_INCLUDE_IN_FRAMEWORK_HEADER = YES;
				CLANG_WARN_RANGE_LOOP_ANALYSIS = YES;
				CLANG_WARN_STRICT_PROTOTYPES = YES;
				CLANG_WARN_SUSPICIOUS_MOVE = YES;
				CLANG_WARN_UNGUARDED_AVAILABILITY = YES_AGGRESSIVE;
				CLANG_WARN_UNREACHABLE_CODE = YES;
				CLANG_WARN__DUPLICATE_METHOD_MATCH = YES;
				COPY_PHASE_STRIP = NO;
				DEBUG_INFORMATION_FORMAT = "dwarf-with-dsym";
				ENABLE_NS_ASSERTIONS = NO;
				ENABLE_STRICT_OBJC_MSGSEND = YES;
				GCC_C_LANGUAGE_STANDARD = gnu11;
				GCC_NO_COMMON_BLOCKS = YES;
				GCC_WARN_64_TO_32_BIT_CONVERSION = YES;
				GCC_WARN_ABOUT_RETURN_TYPE = YES_ERROR;
				GCC_WARN_UNDECLARED_SELECTOR = YES;
				GCC_WARN_UNINITIALIZED_AUTOS = YES_AGGRESSIVE;
				GCC_WARN_UNUSED_FUNCTION = YES;
				GCC_WARN_UNUSED_VARIABLE = YES;
				IPHONEOS_DEPLOYMENT_TARGET = 14.4;
				MTL_ENABLE_DEBUG_INFO = NO;
				MTL_FAST_MATH = YES;
				SDKROOT = iphoneos;
				SWIFT_COMPILATION_MODE = wholemodule;
				SWIFT_OPTIMIZATION_LEVEL = "-O";
				VALIDATE_PRODUCT = YES;
			};
			name = Release;
		};
		AD863068261A402C0006EBAE /* Debug */ = {
			isa = XCBuildConfiguration;
			buildSettings = {
				ASSETCATALOG_COMPILER_APPICON_NAME = AppIcon;
				ASSETCATALOG_COMPILER_GLOBAL_ACCENT_COLOR_NAME = AccentColor;
				CODE_SIGN_STYLE = Automatic;
				DEVELOPMENT_ASSET_PATHS = "\"Africa/Preview Content\"";
				DEVELOPMENT_TEAM = CWJGT3SS6R;
				ENABLE_PREVIEWS = YES;
				INFOPLIST_FILE = Africa/Info.plist;
				IPHONEOS_DEPLOYMENT_TARGET = 14.0;
				LD_RUNPATH_SEARCH_PATHS = (
					"$(inherited)",
					"@executable_path/Frameworks",
				);
				PRODUCT_BUNDLE_IDENTIFIER = lapinan.Africa;
				PRODUCT_NAME = "$(TARGET_NAME)";
				SWIFT_VERSION = 5.0;
				TARGETED_DEVICE_FAMILY = "1,2";
			};
			name = Debug;
		};
		AD863069261A402C0006EBAE /* Release */ = {
			isa = XCBuildConfiguration;
			buildSettings = {
				ASSETCATALOG_COMPILER_APPICON_NAME = AppIcon;
				ASSETCATALOG_COMPILER_GLOBAL_ACCENT_COLOR_NAME = AccentColor;
				CODE_SIGN_STYLE = Automatic;
				DEVELOPMENT_ASSET_PATHS = "\"Africa/Preview Content\"";
				DEVELOPMENT_TEAM = CWJGT3SS6R;
				ENABLE_PREVIEWS = YES;
				INFOPLIST_FILE = Africa/Info.plist;
				IPHONEOS_DEPLOYMENT_TARGET = 14.0;
				LD_RUNPATH_SEARCH_PATHS = (
					"$(inherited)",
					"@executable_path/Frameworks",
				);
				PRODUCT_BUNDLE_IDENTIFIER = lapinan.Africa;
				PRODUCT_NAME = "$(TARGET_NAME)";
				SWIFT_VERSION = 5.0;
				TARGETED_DEVICE_FAMILY = "1,2";
			};
			name = Release;
		};
/* End XCBuildConfiguration section */

/* Begin XCConfigurationList section */
		AD863053261A40270006EBAE /* Build configuration list for PBXProject "Africa" */ = {
			isa = XCConfigurationList;
			buildConfigurations = (
				AD863065261A402C0006EBAE /* Debug */,
				AD863066261A402C0006EBAE /* Release */,
			);
			defaultConfigurationIsVisible = 0;
			defaultConfigurationName = Release;
		};
		AD863067261A402C0006EBAE /* Build configuration list for PBXNativeTarget "Africa" */ = {
			isa = XCConfigurationList;
			buildConfigurations = (
				AD863068261A402C0006EBAE /* Debug */,
				AD863069261A402C0006EBAE /* Release */,
			);
			defaultConfigurationIsVisible = 0;
			defaultConfigurationName = Release;
		};
/* End XCConfigurationList section */
	};
	rootObject = AD863050261A40270006EBAE /* Project object */;
}
